
Microsoft Visual Studio Solution File, Format Version 12.00
# Visual Studio Version 17
VisualStudioVersion = 17.3.32929.385
MinimumVisualStudioVersion = 10.0.40219.1
Project("{FAE04EC0-301F-11D3-BF4B-00C04F79EFBC}") = "DeniseConiglioCasting", "DeniseConiglioCasting\DeniseConiglioCasting.csproj", "{19E5DBF5-587C-43D8-8A56-C7D1B598B391}"
EndProject
Global
	GlobalSection(SolutionConfigurationPlatforms) = preSolution
		Debug|Any CPU = Debug|Any CPU
		Release|Any CPU = Release|Any CPU
	EndGlobalSection
	GlobalSection(ProjectConfigurationPlatforms) = postSolution
		{19E5DBF5-587C-43D8-8A56-C7D1B598B391}.Debug|Any CPU.ActiveCfg = Debug|Any CPU
		{19E5DBF5-587C-43D8-8A56-C7D1B598B391}.Debug|Any CPU.Build.0 = Debug|Any CPU
		{19E5DBF5-587C-43D8-8A56-C7D1B598B391}.Release|Any CPU.ActiveCfg = Release|Any CPU
		{19E5DBF5-587C-43D8-8A56-C7D1B598B391}.Release|Any CPU.Build.0 = Release|Any CPU
	EndGlobalSection
	GlobalSection(SolutionProperties) = preSolution
		HideSolutionNode = FALSE
	EndGlobalSection
	GlobalSection(ExtensibilityGlobals) = postSolution
		SolutionGuid = {74D505FE-CD28-4A72-A1D6-8CB1A09DF04A}
	EndGlobalSection
EndGlobal
